
Microsoft Visual Studio Solution File, Format Version 12.00
# Visual Studio 15
VisualStudioVersion = 15.0.26403.7
MinimumVisualStudioVersion = 10.0.40219.1
Project("{FAE04EC0-301F-11D3-BF4B-00C04F79EFBC}") = "AllegroWebAplication", "AllegroWebAplication\AllegroWebAplication.csproj", "{3ABEB354-76B9-4A1E-A82F-55C8F36B1F2E}"
EndProject
Project("{FAE04EC0-301F-11D3-BF4B-00C04F79EFBC}") = "AllegroWebAplication.Tests", "AllegroWebAplication.Tests\AllegroWebAplication.Tests.csproj", "{777DCD21-FE15-4284-962E-C5EED7C788BA}"
EndProject
Global
	GlobalSection(SolutionConfigurationPlatforms) = preSolution
		Debug|Any CPU = Debug|Any CPU
		Release|Any CPU = Release|Any CPU
	EndGlobalSection
	GlobalSection(ProjectConfigurationPlatforms) = postSolution
		{3ABEB354-76B9-4A1E-A82F-55C8F36B1F2E}.Debug|Any CPU.ActiveCfg = Debug|Any CPU
		{3ABEB354-76B9-4A1E-A82F-55C8F36B1F2E}.Debug|Any CPU.Build.0 = Debug|Any CPU
		{3ABEB354-76B9-4A1E-A82F-55C8F36B1F2E}.Release|Any CPU.ActiveCfg = Release|Any CPU
		{3ABEB354-76B9-4A1E-A82F-55C8F36B1F2E}.Release|Any CPU.Build.0 = Release|Any CPU
		{777DCD21-FE15-4284-962E-C5EED7C788BA}.Debug|Any CPU.ActiveCfg = Debug|Any CPU
		{777DCD21-FE15-4284-962E-C5EED7C788BA}.Debug|Any CPU.Build.0 = Debug|Any CPU
		{777DCD21-FE15-4284-962E-C5EED7C788BA}.Release|Any CPU.ActiveCfg = Release|Any CPU
		{777DCD21-FE15-4284-962E-C5EED7C788BA}.Release|Any CPU.Build.0 = Release|Any CPU
	EndGlobalSection
	GlobalSection(SolutionProperties) = preSolution
		HideSolutionNode = FALSE
	EndGlobalSection
EndGlobal
